<?xml version="1.0" encoding="utf-8"?>
<Project ToolsVersion="4.0" xmlns="http://schemas.microsoft.com/developer/msbuild/2003">
  <ItemGroup>
    <Filter Include="IggyMedia">
      <UniqueIdentifier>{55c7ab2e-b3e5-4aed-9ffe-3308591d9c34}</UniqueIdentifier>
    </Filter>
    <Filter Include="Strings">
      <UniqueIdentifier>{eaa0eb72-0b27-4080-ad53-f68e42f37ba8}</UniqueIdentifier>
    </Filter>
    <Filter Include="Archive">
      <UniqueIdentifier>{711ad95b-eb56-4e18-b001-34ad7b8075a3}</UniqueIdentifier>
    </Filter>
    <Filter Include="Archive\Win64">
      <UniqueIdentifier>{1432ec3d-c5d0-46da-91b6-e7737095a97e}</UniqueIdentifier>
    </Filter>
    <Filter Include="Archive\PS4">
      <UniqueIdentifier>{4b2aeaf1-04d7-454d-b2d9-08364799831c}</UniqueIdentifier>
    </Filter>
    <Filter Include="Archive\PS3">
      <UniqueIdentifier>{4b0eaef6-fa2f-4605-b0da-a81ffb5659bc}</UniqueIdentifier>
    </Filter>
    <Filter Include="Archive\Durango">
      <UniqueIdentifier>{bf1c74da-21f1-4bdd-98ed-83457946e4cc}</UniqueIdentifier>
    </Filter>
  </ItemGroup>
  <ItemGroup>
    <None Include="Media\ChestMenu720.swf">
      <Filter>IggyMedia</Filter>
    </None>
    <None Include="Media\CreateWorldMenu720.swf">
      <Filter>IggyMedia</Filter>
    </None>
    <None Include="Media\CreativeMenu720.swf">
      <Filter>IggyMedia</Filter>
    </None>
    <None Include="Media\DebugMenu720.swf">
      <Filter>IggyMedia</Filter>
    </None>
    <None Include="Media\FullscreenProgress720.swf">
      <Filter>IggyMedia</Filter>
    </None>
    <None Include="Media\HUD720.swf">
      <Filter>IggyMedia</Filter>
    </None>
    <None Include="Media\InventoryMenu720.swf">
      <Filter>IggyMedia</Filter>
    </None>
    <None Include="Media\media.arc">
      <Filter>Archive</Filter>
    </None>
    <None Include="Media\languages.loc">
      <Filter>Archive</Filter>
    </None>
    <None Include="Media\skin.swf">
      <Filter>IggyMedia</Filter>
    </None>
    <None Include="Media\MainMenu720.swf">
      <Filter>IggyMedia</Filter>
    </None>
    <None Include="Media\Panorama720.swf">
      <Filter>IggyMedia</Filter>
    </None>
    <None Include="Media\LoadOrJoinMenu720.swf">
      <Filter>IggyMedia</Filter>
    </None>
    <None Include="Media\LaunchMoreOptionsMenu720.swf">
      <Filter>IggyMedia</Filter>
    </None>
    <None Include="Media\LoadMenu720.swf">
      <Filter>IggyMedia</Filter>
    </None>
    <None Include="Media\PauseMenu720.swf">
      <Filter>IggyMedia</Filter>
    </None>
  </ItemGroup>
  <ItemGroup>
    <EmbeddedResource Include="Media\strings.resx">
      <Filter>Strings</Filter>
    </EmbeddedResource>
  </ItemGroup>
  <ItemGroup>
    <Text Include="Media\strings_begin.txt">
      <Filter>Strings</Filter>
    </Text>
    <Text Include="Media\strings_Controls.txt">
      <Filter>Strings</Filter>
    </Text>
    <Text Include="Media\strings_Credits.txt">
      <Filter>Strings</Filter>
    </Text>
    <Text Include="Media\strings_Descriptions.txt">
      <Filter>Strings</Filter>
    </Text>
    <Text Include="Media\strings_end.txt">
      <Filter>Strings</Filter>
    </Text>
    <Text Include="Media\strings_HowToPlay.txt">
      <Filter>Strings</Filter>
    </Text>
    <Text Include="Media\strings_ItemsAndTiles.txt">
      <Filter>Strings</Filter>
    </Text>
    <Text Include="Media\strings_Misc.txt">
      <Filter>Strings</Filter>
    </Text>
    <Text Include="Media\strings_PotionsAndEnchantments.txt">
      <Filter>Strings</Filter>
    </Text>
    <Text Include="Media\strings_Tips.txt">
      <Filter>Strings</Filter>
    </Text>
    <Text Include="Media\strings_Tooltips.txt">
      <Filter>Strings</Filter>
    </Text>
    <Text Include="Media\strings_Tutorial.txt">
      <Filter>Strings</Filter>
    </Text>
    <Text Include="Media\media.txt">
      <Filter>Archive</Filter>
    </Text>
  </ItemGroup>
  <ItemGroup>
    <ClInclude Include="..\Durango\strings.h">
      <Filter>Archive\Durango</Filter>
    </ClInclude>
    <ClInclude Include="..\PS3\strings.h">
      <Filter>Archive\PS3</Filter>
    </ClInclude>
    <ClInclude Include="..\Orbis\strings.h">
      <Filter>Archive\PS4</Filter>
    </ClInclude>
    <ClInclude Include="..\Windows64\strings.h">
      <Filter>Archive\Win64</Filter>
    </ClInclude>
  </ItemGroup>
</Project>